
Microsoft Visual Studio Solution File, Format Version 11.00
# Visual Studio 2010
Project("{FAE04EC0-301F-11D3-BF4B-00C04F79EFBC}") = "Assembly-CSharp", "Assembly-CSharp.csproj", "{EEC04A7B-316A-870A-78DD-0AABFC2E117F}"
EndProject
Project("{FAE04EC0-301F-11D3-BF4B-00C04F79EFBC}") = "Assembly-CSharp-Editor", "Assembly-CSharp-Editor.csproj", "{C9CA010C-C715-9EC9-D15A-A68540CB1AA7}"
EndProject
Global
	GlobalSection(SolutionConfigurationPlatforms) = preSolution
		Debug|Any CPU = Debug|Any CPU
		Release|Any CPU = Release|Any CPU
	EndGlobalSection
	GlobalSection(ProjectConfigurationPlatforms) = postSolution
		{EEC04A7B-316A-870A-78DD-0AABFC2E117F}.Debug|Any CPU.ActiveCfg = Debug|Any CPU
		{EEC04A7B-316A-870A-78DD-0AABFC2E117F}.Debug|Any CPU.Build.0 = Debug|Any CPU
		{EEC04A7B-316A-870A-78DD-0AABFC2E117F}.Release|Any CPU.ActiveCfg = Release|Any CPU
		{EEC04A7B-316A-870A-78DD-0AABFC2E117F}.Release|Any CPU.Build.0 = Release|Any CPU
		{C9CA010C-C715-9EC9-D15A-A68540CB1AA7}.Debug|Any CPU.ActiveCfg = Debug|Any CPU
		{C9CA010C-C715-9EC9-D15A-A68540CB1AA7}.Debug|Any CPU.Build.0 = Debug|Any CPU
		{C9CA010C-C715-9EC9-D15A-A68540CB1AA7}.Release|Any CPU.ActiveCfg = Release|Any CPU
		{C9CA010C-C715-9EC9-D15A-A68540CB1AA7}.Release|Any CPU.Build.0 = Release|Any CPU
	EndGlobalSection
	GlobalSection(SolutionProperties) = preSolution
		HideSolutionNode = FALSE
	EndGlobalSection
EndGlobal
